lockfileVersion: '6.0'

dependencies:
  '@effect/data':
    specifier: ^0.12.3
    version: 0.12.3
  '@effect/io':
    specifier: ^0.25.13
    version: 0.25.13
  '@effect/schema':
    specifier: ^0.19.3
    version: 0.19.3
  '@sqlfx/pg':
    specifier: ^0.3.5
    version: 0.3.5
  dotenv:
    specifier: ^16.0.3
    version: 16.0.3

devDependencies:
  '@types/node':
    specifier: ^20.2.4
    version: 20.2.4
  prettier:
    specifier: ^2.8.8
    version: 2.8.8
  typescript:
    specifier: ^5.0.4
    version: 5.0.4

packages:

  /@effect/data@0.12.3:
    resolution: {integrity: sha512-Vwlju6FqLYKVzFeEbz75BmPXsOnEB4jU02pMi230aIT7Xy0UTMFcoOmp/MUVPrbv3t+E0qhhFEhyPwjdhCRo1Q==}
    dev: false

  /@effect/io@0.25.13:
    resolution: {integrity: sha512-NdZFSaNbG6AN8bzSAPdmi95AXgHWr4dH58R8viqbFBb0zmfQ/PQq+5XEsC++qy/qpT/ZLzpvJJWhW9jf1atq2g==}
    dependencies:
      '@effect/data': 0.12.3
    dev: false

  /@effect/schema@0.19.3:
    resolution: {integrity: sha512-jR7o19HBX7PBYRLV1G6ZlM90giRe+lZkA6BqVNamkhNfVsHU4MnGr2lqM2H4fy4MgR744GGXuxCDjVdydkMvAw==}
    dependencies:
      '@effect/data': 0.12.3
      '@effect/io': 0.25.13
      fast-check: 3.9.0
    dev: false

  /@sqlfx/pg@0.3.5:
    resolution: {integrity: sha512-3vOQ93SzD9XS+AzSH6zhGnI0dNg/u7zDXrMFN9QeS3zRygMwEH7P8coQjhThgXIKQU/lhGIMnpeqd0Th9Bk1Yg==}
    dependencies:
      '@effect/data': 0.12.3
      '@effect/io': 0.25.13
      '@sqlfx/sql': 0.4.4
      postgres: 3.3.4
    dev: false

  /@sqlfx/sql@0.4.4:
    resolution: {integrity: sha512-WbCyW/UJphqH1s7I+7tF7PgOFLGO/zyQDmT8ZICuzExE+X10lFx+JoNdQIUmOCHqBDUeIPwqvOZ4XSBTSKpQKA==}
    dependencies:
      '@effect/data': 0.12.3
      '@effect/io': 0.25.13
      '@effect/schema': 0.19.3
    dev: false

  /@types/node@20.2.4:
    resolution: {integrity: sha512-ni5f8Xlf4PwnT/Z3f0HURc3ZSw8UyrqMqmM3L5ysa7VjHu8c3FOmIo1nKCcLrV/OAmtf3N4kFna/aJqxsfEtnA==}
    dev: true

  /dotenv@16.0.3:
    resolution: {integrity: sha512-7GO6HghkA5fYG9TYnNxi14/7K9f5occMlp3zXAuSxn7CKCxt9xbNWG7yF8hTCSUchlfWSe3uLmlPfigevRItzQ==}
    engines: {node: '>=12'}
    dev: false

  /fast-check@3.9.0:
    resolution: {integrity: sha512-5vBtAK9lt7eQ/g18iBHETnbRK0jskxISmdlkp0Lz9JghEg+TqDL1q26xiK3jQzW5D27Q0V88NeZwkoIi52Qqcw==}
    engines: {node: '>=8.0.0'}
    dependencies:
      pure-rand: 6.0.2
    dev: false

  /postgres@3.3.4:
    resolution: {integrity: sha512-XVu0+d/Y56pl2lSaf0c7V19AhAEfpVrhID1IENWN8nf0xch6hFq6dAov5dtUX6ZD46wfr1TxvLhxLtV8WnNsOg==}
    dev: false

  /prettier@2.8.8:
    resolution: {integrity: sha512-tdN8qQGvNjw4CHbY+XXk0JgCXn9QiF21a55rBe5LJAU+kDyC4WQn4+awm2Xfk2lQMk5fKup9XgzTZtGkjBdP9Q==}
    engines: {node: '>=10.13.0'}
    hasBin: true
    dev: true

  /pure-rand@6.0.2:
    resolution: {integrity: sha512-6Yg0ekpKICSjPswYOuC5sku/TSWaRYlA0qsXqJgM/d/4pLPHPuTxK7Nbf7jFKzAeedUhR8C7K9Uv63FBsSo8xQ==}
    dev: false

  /typescript@5.0.4:
    resolution: {integrity: sha512-cW9T5W9xY37cc+jfEnaUvX91foxtHkza3Nw3wkoF4sSlKn0MONdkdEndig/qPBWXNkmplh3NzayQzCiHM4/hqw==}
    engines: {node: '>=12.20'}
    hasBin: true
    dev: true
